{
  "requires": true,
  "lockfileVersion": 1,
  "dependencies": {
    "@types/geojson": {
      "version": "7946.0.8",
      "resolved": "https://registry.npmjs.org/@types/geojson/-/geojson-7946.0.8.tgz",
      "integrity": "sha512-1rkryxURpr6aWP7R786/UQOkJ3PcpQiWkAXBmdWc7ryFWqN6a4xfK7BtjXvFBKO9LjQ+MWQSWxYeZX1OApnArA==",
      "dev": true
    },
    "@types/leaflet": {
      "version": "1.7.5",
      "resolved": "https://registry.npmjs.org/@types/leaflet/-/leaflet-1.7.5.tgz",
      "integrity": "sha512-+Myo00Yb5OuvUyrH+vUwn9DRgOaBJsF/etIMdMcNhWGBMo58Mo1cxLInvCd0ZpvItju/AeDYFB/Od2pLiHB3VA==",
      "dev": true,
      "requires": {
        "@types/geojson": "*"
      }
    },
    "classnames": {
      "version": "2.3.1",
      "resolved": "https://registry.npmjs.org/classnames/-/classnames-2.3.1.tgz",
      "integrity": "sha512-OlQdbZ7gLfGarSqxesMesDa5uz7KFbID8Kpq/SxIoNGDqY8lSYs0D+hhtBXhcdB3rcbXArFr7vlHheLk1voeNA=="
    },
    "leaflet": {
      "version": "1.7.1",
      "resolved": "https://registry.npmjs.org/leaflet/-/leaflet-1.7.1.tgz",
      "integrity": "sha512-/xwPEBidtg69Q3HlqPdU3DnrXQOvQU/CCHA1tcDQVzOwm91YMYaILjNp7L4Eaw5Z4sOYdbBz6koWyibppd8Zqw=="
    },
    "nanoid": {
      "version": "3.1.29",
      "resolved": "https://registry.npmjs.org/nanoid/-/nanoid-3.1.29.tgz",
      "integrity": "sha512-dW2pUSGZ8ZnCFIlBIA31SV8huOGCHb6OwzVCc7A69rb/a+SgPBwfmLvK5TKQ3INPbRkcI8a/Owo0XbiTNH19wg=="
    }
  }
}
